
Microsoft Visual Studio Solution File, Format Version 12.00
# Visual Studio Version 16
VisualStudioVersion = 16.0.30011.22
MinimumVisualStudioVersion = 10.0.40219.1
Project("{9A19103F-16F7-4668-BE54-9A1E7A4F7556}") = "XdsD", "src\XdsD\XdsD.csproj", "{2151334C-EBBD-4327-9656-4AB0DFE23B51}"
EndProject
Project("{9A19103F-16F7-4668-BE54-9A1E7A4F7556}") = "Xds-ui", "src\Xds-ui\Xds-ui.csproj", "{D16C96C9-651D-4255-9926-4EF0C2C079CC}"
EndProject
Global
	GlobalSection(SolutionConfigurationPlatforms) = preSolution
		Debug|Any CPU = Debug|Any CPU
		Release|Any CPU = Release|Any CPU
	EndGlobalSection
	GlobalSection(ProjectConfigurationPlatforms) = postSolution
		{2151334C-EBBD-4327-9656-4AB0DFE23B51}.Debug|Any CPU.ActiveCfg = Debug|Any CPU
		{2151334C-EBBD-4327-9656-4AB0DFE23B51}.Debug|Any CPU.Build.0 = Debug|Any CPU
		{2151334C-EBBD-4327-9656-4AB0DFE23B51}.Release|Any CPU.ActiveCfg = Release|Any CPU
		{2151334C-EBBD-4327-9656-4AB0DFE23B51}.Release|Any CPU.Build.0 = Release|Any CPU
		{D16C96C9-651D-4255-9926-4EF0C2C079CC}.Debug|Any CPU.ActiveCfg = Debug|Any CPU
		{D16C96C9-651D-4255-9926-4EF0C2C079CC}.Debug|Any CPU.Build.0 = Debug|Any CPU
		{D16C96C9-651D-4255-9926-4EF0C2C079CC}.Release|Any CPU.ActiveCfg = Release|Any CPU
		{D16C96C9-651D-4255-9926-4EF0C2C079CC}.Release|Any CPU.Build.0 = Release|Any CPU
	EndGlobalSection
	GlobalSection(SolutionProperties) = preSolution
		HideSolutionNode = FALSE
	EndGlobalSection
	GlobalSection(ExtensibilityGlobals) = postSolution
		SolutionGuid = {F4BDB48B-4BA8-4C10-BD9D-2C0964817645}
	EndGlobalSection
EndGlobal
