
Microsoft Visual Studio Solution File, Format Version 12.00
# Visual Studio Version 16
VisualStudioVersion = 16.0.30011.22
MinimumVisualStudioVersion = 10.0.40219.1
Project("{9A19103F-16F7-4668-BE54-9A1E7A4F7556}") = "Blockcore.Networks.Xds", "Blockcore.Networks.Xds\Blockcore.Networks.Xds.csproj", "{B08649D7-A585-40FE-9956-D8328485C2F8}"
EndProject
Project("{9A19103F-16F7-4668-BE54-9A1E7A4F7556}") = "XdsD", "Xds\XdsD.csproj", "{A2EFECC0-84FD-4086-8C8C-97EE32B1A24C}"
EndProject
Global
	GlobalSection(SolutionConfigurationPlatforms) = preSolution
		Debug|Any CPU = Debug|Any CPU
		Release|Any CPU = Release|Any CPU
	EndGlobalSection
	GlobalSection(ProjectConfigurationPlatforms) = postSolution
		{B08649D7-A585-40FE-9956-D8328485C2F8}.Debug|Any CPU.ActiveCfg = Debug|Any CPU
		{B08649D7-A585-40FE-9956-D8328485C2F8}.Debug|Any CPU.Build.0 = Debug|Any CPU
		{B08649D7-A585-40FE-9956-D8328485C2F8}.Release|Any CPU.ActiveCfg = Release|Any CPU
		{B08649D7-A585-40FE-9956-D8328485C2F8}.Release|Any CPU.Build.0 = Release|Any CPU
		{A2EFECC0-84FD-4086-8C8C-97EE32B1A24C}.Debug|Any CPU.ActiveCfg = Debug|Any CPU
		{A2EFECC0-84FD-4086-8C8C-97EE32B1A24C}.Debug|Any CPU.Build.0 = Debug|Any CPU
		{A2EFECC0-84FD-4086-8C8C-97EE32B1A24C}.Release|Any CPU.ActiveCfg = Release|Any CPU
		{A2EFECC0-84FD-4086-8C8C-97EE32B1A24C}.Release|Any CPU.Build.0 = Release|Any CPU
	EndGlobalSection
	GlobalSection(SolutionProperties) = preSolution
		HideSolutionNode = FALSE
	EndGlobalSection
	GlobalSection(ExtensibilityGlobals) = postSolution
		SolutionGuid = {F4BDB48B-4BA8-4C10-BD9D-2C0964817645}
	EndGlobalSection
EndGlobal
