
Microsoft Visual Studio Solution File, Format Version 12.00
# Visual Studio Version 16
VisualStudioVersion = 16.0.29409.12
MinimumVisualStudioVersion = 10.0.40219.1
Project("{9A19103F-16F7-4668-BE54-9A1E7A4F7556}") = "Home.Node", "src\HomeCoin.Node\HomeCoin.Node.csproj", "{FEBAE51F-C1C4-4E7A-A08E-68D9D5DD579A}"
EndProject
Global
	GlobalSection(SolutionConfigurationPlatforms) = preSolution
		Debug|Any CPU = Debug|Any CPU
		Release|Any CPU = Release|Any CPU
	EndGlobalSection
	GlobalSection(ProjectConfigurationPlatforms) = postSolution
		{FEBAE51F-C1C4-4E7A-A08E-68D9D5DD579A}.Debug|Any CPU.ActiveCfg = Debug|Any CPU
		{FEBAE51F-C1C4-4E7A-A08E-68D9D5DD579A}.Debug|Any CPU.Build.0 = Debug|Any CPU
		{FEBAE51F-C1C4-4E7A-A08E-68D9D5DD579A}.Release|Any CPU.ActiveCfg = Release|Any CPU
		{FEBAE51F-C1C4-4E7A-A08E-68D9D5DD579A}.Release|Any CPU.Build.0 = Release|Any CPU
	EndGlobalSection
	GlobalSection(SolutionProperties) = preSolution
		HideSolutionNode = FALSE
	EndGlobalSection
	GlobalSection(ExtensibilityGlobals) = postSolution
		SolutionGuid = {B2790DCD-30C0-4EDD-A9E2-9041506AEF2A}
	EndGlobalSection
EndGlobal
