
Microsoft Visual Studio Solution File, Format Version 12.00
# Visual Studio Version 16
VisualStudioVersion = 16.0.29409.12
MinimumVisualStudioVersion = 10.0.40219.1
Project("{9A19103F-16F7-4668-BE54-9A1E7A4F7556}") = "City.Node", "src\City.Node\City.Node.csproj", "{2837EB19-E163-4A1E-95CC-D8BD47C2F266}"
EndProject
Global
	GlobalSection(SolutionConfigurationPlatforms) = preSolution
		Debug|Any CPU = Debug|Any CPU
		Release|Any CPU = Release|Any CPU
	EndGlobalSection
	GlobalSection(ProjectConfigurationPlatforms) = postSolution
		{2837EB19-E163-4A1E-95CC-D8BD47C2F266}.Debug|Any CPU.ActiveCfg = Debug|Any CPU
		{2837EB19-E163-4A1E-95CC-D8BD47C2F266}.Debug|Any CPU.Build.0 = Debug|Any CPU
		{2837EB19-E163-4A1E-95CC-D8BD47C2F266}.Release|Any CPU.ActiveCfg = Release|Any CPU
		{2837EB19-E163-4A1E-95CC-D8BD47C2F266}.Release|Any CPU.Build.0 = Release|Any CPU
	EndGlobalSection
	GlobalSection(SolutionProperties) = preSolution
		HideSolutionNode = FALSE
	EndGlobalSection
	GlobalSection(ExtensibilityGlobals) = postSolution
		SolutionGuid = {5B803CC7-ACE7-41CB-A70B-0FDE5A813F57}
	EndGlobalSection
EndGlobal
