
Microsoft Visual Studio Solution File, Format Version 12.00
# Visual Studio Version 16
VisualStudioVersion = 16.0.29409.12
MinimumVisualStudioVersion = 10.0.40219.1
Project("{959F7D4B-42A8-4C53-A7A0-18EEF2E685A8}") = "Solaris.Node", "src\Solaris.Node\Solaris.Node.csproj", "{981BD6C4-A3D9-4EC0-AE7B-E83C1A282E8D}"
EndProject
Project("{959F7D4B-42A8-4C53-A7A0-18EEF2E685A8}") = "Solaris", "src\Solaris\Solaris.csproj", "{9D7F4818-B7B3-4C75-9131-6BBF01256AA9}"
EndProject
Global
	GlobalSection(SolutionConfigurationPlatforms) = preSolution
		Debug|Any CPU = Debug|Any CPU
		Release|Any CPU = Release|Any CPU
	EndGlobalSection
	GlobalSection(ProjectConfigurationPlatforms) = postSolution
		{981BD6C4-A3D9-4EC0-AE7B-E83C1A282E8D}.Debug|Any CPU.ActiveCfg = Debug|Any CPU
		{981BD6C4-A3D9-4EC0-AE7B-E83C1A282E8D}.Debug|Any CPU.Build.0 = Debug|Any CPU
		{981BD6C4-A3D9-4EC0-AE7B-E83C1A282E8D}.Release|Any CPU.ActiveCfg = Release|Any CPU
		{981BD6C4-A3D9-4EC0-AE7B-E83C1A282E8D}.Release|Any CPU.Build.0 = Release|Any CPU
		{9D7F4818-B7B3-4C75-9131-6BBF01256AA9}.Debug|Any CPU.ActiveCfg = Debug|Any CPU
		{9D7F4818-B7B3-4C75-9131-6BBF01256AA9}.Debug|Any CPU.Build.0 = Debug|Any CPU
		{9D7F4818-B7B3-4C75-9131-6BBF01256AA9}.Release|Any CPU.ActiveCfg = Release|Any CPU
		{9D7F4818-B7B3-4C75-9131-6BBF01256AA9}.Release|Any CPU.Build.0 = Release|Any CPU
	EndGlobalSection
	GlobalSection(SolutionProperties) = preSolution
		HideSolutionNode = FALSE
	EndGlobalSection
	GlobalSection(ExtensibilityGlobals) = postSolution
		SolutionGuid = {ED0AE3B3-C37D-422F-8829-8227D4BD2CCE}
	EndGlobalSection
EndGlobal
