
Microsoft Visual Studio Solution File, Format Version 12.00
# Visual Studio Version 16
VisualStudioVersion = 16.0.29409.12
MinimumVisualStudioVersion = 10.0.40219.1
Project("{AABFF723-5B1A-4EB0-A6EB-16B0C2D148C8}") = "X42.Node", "src\X42.Node\X42.Node.csproj", "{985AB65E-1E4A-4F6A-B950-2AC89417503C}"
EndProject
Project("{AABFF723-5B1A-4EB0-A6EB-16B0C2D148C8}") = "X42", "src\X42\X42.csproj", "{3228B0D9-2D95-458E-BA84-F36FF38FBFE2}"
EndProject
Global
	GlobalSection(SolutionConfigurationPlatforms) = preSolution
		Debug|Any CPU = Debug|Any CPU
		Release|Any CPU = Release|Any CPU
	EndGlobalSection
	GlobalSection(ProjectConfigurationPlatforms) = postSolution
		{985AB65E-1E4A-4F6A-B950-2AC89417503C}.Debug|Any CPU.ActiveCfg = Debug|Any CPU
		{985AB65E-1E4A-4F6A-B950-2AC89417503C}.Debug|Any CPU.Build.0 = Debug|Any CPU
		{985AB65E-1E4A-4F6A-B950-2AC89417503C}.Release|Any CPU.ActiveCfg = Release|Any CPU
		{985AB65E-1E4A-4F6A-B950-2AC89417503C}.Release|Any CPU.Build.0 = Release|Any CPU
		{3228B0D9-2D95-458E-BA84-F36FF38FBFE2}.Debug|Any CPU.ActiveCfg = Debug|Any CPU
		{3228B0D9-2D95-458E-BA84-F36FF38FBFE2}.Debug|Any CPU.Build.0 = Debug|Any CPU
		{3228B0D9-2D95-458E-BA84-F36FF38FBFE2}.Release|Any CPU.ActiveCfg = Release|Any CPU
		{3228B0D9-2D95-458E-BA84-F36FF38FBFE2}.Release|Any CPU.Build.0 = Release|Any CPU
	EndGlobalSection
	GlobalSection(SolutionProperties) = preSolution
		HideSolutionNode = FALSE
	EndGlobalSection
	GlobalSection(ExtensibilityGlobals) = postSolution
		SolutionGuid = {895E1AA4-B1D3-44A1-996F-F771181F6DBF}
	EndGlobalSection
EndGlobal
